# THIS IS AN AUTOGENERATED FILE. DO NOT EDIT THIS FILE DIRECTLY.
# yarn lockfile v1


"@types/node@^12.11":
  version "12.12.67"
  resolved "https://registry.npmjs.org/@types/node/-/node-12.12.67.tgz#4f86badb292e822e3b13730a1f9713ed2377f789"
  integrity sha512-R48tgL2izApf+9rYNH+3RBMbRpPeW3N8f0I9HMhggeq4UXwBDqumJ14SDs4ctTMhG11pIOduZ4z3QWGOiMc9Vg==

typescript@^4.0.3:
  version "4.0.3"
  resolved "https://registry.npmjs.org/typescript/-/typescript-4.0.3.tgz#153bbd468ef07725c1df9c77e8b453f8d36abba5"
  integrity sha512-tEu6DGxGgRJPb/mVPIZ48e69xCn2yRmCgYmDugAVwmJ6o+0u1RI18eO7E7WBTLYLaEVVOhwQmcdhQHweux/WPg==
