{
    "name": "unigraph-dev-backend",
    "version": "0.0.1",
    "lockfileVersion": 1,
    "requires": true,
    "dependencies": {
        "@types/lodash": {
            "version": "4.14.165",
            "resolved": "https://registry.npmjs.org/@types/lodash/-/lodash-4.14.165.tgz",
            "integrity": "sha512-tjSSOTHhI5mCHTy/OOXYIhi2Wt1qcbHmuXD1Ha7q70CgI/I71afO4XtLb/cVexki1oVYchpul/TOuu3Arcdxrg==",
            "dev": true
        },
        "@types/node": {
            "version": "12.19.4",
            "dev": true
        },
        "typescript": {
            "version": "4.1.1-rc",
            "dev": true
        }
    }
}
